// !$*UTF8*$!
{
	archiveVersion = 1;
	classes = {
	};
	objectVersion = 46;
	objects = {

/* Begin PBXBuildFile section */
		220CD76612E925EF000804E8 /* MTMLogo_iOS_iPhone.png in Resources */ = {isa = PBXBuildFile; fileRef = 220CD76512E925EF000804E8 /* MTMLogo_iOS_iPhone.png */; };
		220CD76812E92603000804E8 /* MTMLogo_iOS_iPhone_Retina.png in Resources */ = {isa = PBXBuildFile; fileRef = 220CD76712E92603000804E8 /* MTMLogo_iOS_iPhone_Retina.png */; };
		2214BB521301CDCD009EC84E /* MutableOrderedDictionary.m in Sources */ = {isa = PBXBuildFile; fileRef = 2214BB511301CDCD009EC84E /* MutableOrderedDictionary.m */; };
		2233DACD12E8FA0E0004A33A /* TrailOverlayPathView.m in Sources */ = {isa = PBXBuildFile; fileRef = 2233DACC12E8FA0E0004A33A /* TrailOverlayPathView.m */; };
		2233DAD112E8FD260004A33A /* TrailOverlay.m in Sources */ = {isa = PBXBuildFile; fileRef = 2233DAD012E8FD260004A33A /* TrailOverlay.m */; };
		2236E44712EAA9EE00297F28 /* MainWindow-iPad.xib in Resources */ = {isa = PBXBuildFile; fileRef = 2236E44512EAA9EE00297F28 /* MainWindow-iPad.xib */; };
		2237895D12EA0BDA00BAF18A /* DataParser.m in Sources */ = {isa = PBXBuildFile; fileRef = 2237895C12EA0BDA00BAF18A /* DataParser.m */; };
		2237896012EA113800BAF18A /* TrailPointAnnotation.m in Sources */ = {isa = PBXBuildFile; fileRef = 2237895F12EA113800BAF18A /* TrailPointAnnotation.m */; };
		22876D7A12FF47DA00BEF630 /* InterestPointTest.m in Sources */ = {isa = PBXBuildFile; fileRef = 22876D7912FF47D900BEF630 /* InterestPointTest.m */; };
		22876D7D12FF4A1E00BEF630 /* TrailPointTest.m in Sources */ = {isa = PBXBuildFile; fileRef = 22876D7C12FF4A1E00BEF630 /* TrailPointTest.m */; };
		22876D8612FFBBCF00BEF630 /* redx.png in Resources */ = {isa = PBXBuildFile; fileRef = 22876D8512FFBBCF00BEF630 /* redx.png */; };
		229B73AE13073FD600A9A8BA /* SettingsViewController.m in Sources */ = {isa = PBXBuildFile; fileRef = 229B73AD13073FD600A9A8BA /* SettingsViewController.m */; };
		229CA36713005FFC001E338E /* SettingsViewController.xib in Resources */ = {isa = PBXBuildFile; fileRef = 229CA36613005FFC001E338E /* SettingsViewController.xib */; };
		229CA368130060C9001E338E /* InterestPoint.m in Sources */ = {isa = PBXBuildFile; fileRef = A792BE6712C7379E005EFAC6 /* InterestPoint.m */; };
		229CA369130060CC001E338E /* TrailPoint.m in Sources */ = {isa = PBXBuildFile; fileRef = A7306D6E12B6F8AA0099C0C2 /* TrailPoint.m */; };
		229CA36A130060D6001E338E /* PrimarySettingsViewController.m in Sources */ = {isa = PBXBuildFile; fileRef = 229CA36213005FDB001E338E /* PrimarySettingsViewController.m */; };
		229CA36B13006107001E338E /* SettingsViewController.xib in Resources */ = {isa = PBXBuildFile; fileRef = 229CA36613005FFC001E338E /* SettingsViewController.xib */; };
		229CA36E1301B3F0001E338E /* Setting.m in Sources */ = {isa = PBXBuildFile; fileRef = 229CA36D1301B3F0001E338E /* Setting.m */; };
		22C011A512EF659D000D5C9F /* MTMLogo_iOS_iPad.png in Resources */ = {isa = PBXBuildFile; fileRef = 22C011A412EF659D000D5C9F /* MTMLogo_iOS_iPad.png */; };
		22C011AF12EF851C000D5C9F /* TrailPointInfoViewController.m in Sources */ = {isa = PBXBuildFile; fileRef = 22C011AE12EF851C000D5C9F /* TrailPointInfoViewController.m */; };
		22C011B312EF85B5000D5C9F /* TrailPointInfoView.xib in Resources */ = {isa = PBXBuildFile; fileRef = 22C011B212EF85B5000D5C9F /* TrailPointInfoView.xib */; };
		22C07D6212E6896500381FE5 /* CoreLocation.framework in Frameworks */ = {isa = PBXBuildFile; fileRef = 22C07D6112E6896500381FE5 /* CoreLocation.framework */; };
		22C635F312EF624B00C53C84 /* MainViewController_iPad.m in Sources */ = {isa = PBXBuildFile; fileRef = 22C635F212EF624B00C53C84 /* MainViewController_iPad.m */; };
		22C635F612EF625100C53C84 /* MainViewController_iPhone.m in Sources */ = {isa = PBXBuildFile; fileRef = 22C635F512EF625100C53C84 /* MainViewController_iPhone.m */; };
		22DC0FEE130742CC00D99F22 /* SettingsViewController.m in Sources */ = {isa = PBXBuildFile; fileRef = 229B73AD13073FD600A9A8BA /* SettingsViewController.m */; };
		22DC0FF1130743C200D99F22 /* AdvancedSettingsViewController.m in Sources */ = {isa = PBXBuildFile; fileRef = 22DC0FF0130743C200D99F22 /* AdvancedSettingsViewController.m */; };
		22DC0FF71307550F00D99F22 /* ServiceAccountManager.m in Sources */ = {isa = PBXBuildFile; fileRef = 22DC0FF61307550F00D99F22 /* ServiceAccountManager.m */; };
		22DC0FFA1307562500D99F22 /* StoredSettingsManager.m in Sources */ = {isa = PBXBuildFile; fileRef = 22DC0FF91307562500D99F22 /* StoredSettingsManager.m */; };
		22E80B3A12FA9BD6009CF69F /* main.m in Sources */ = {isa = PBXBuildFile; fileRef = A7D94A5912ADC542003BDB1C /* main.m */; };
		22E80B3B12FA9BD6009CF69F /* MTMAppDelegate.m in Sources */ = {isa = PBXBuildFile; fileRef = A7D94A5C12ADC542003BDB1C /* MTMAppDelegate.m */; };
		22E80B3C12FA9BD6009CF69F /* MainViewController.m in Sources */ = {isa = PBXBuildFile; fileRef = A7D94A6212ADC542003BDB1C /* MainViewController.m */; };
		22E80B3D12FA9BD6009CF69F /* MapView.m in Sources */ = {isa = PBXBuildFile; fileRef = A752C9A512B6EFCB008D2B62 /* MapView.m */; };
		22E80B3E12FA9BD6009CF69F /* TrailPoint.m in Sources */ = {isa = PBXBuildFile; fileRef = A7306D6E12B6F8AA0099C0C2 /* TrailPoint.m */; };
		22E80B3F12FA9BD6009CF69F /* InterestPoint.m in Sources */ = {isa = PBXBuildFile; fileRef = A792BE6712C7379E005EFAC6 /* InterestPoint.m */; };
		22E80B4012FA9BD6009CF69F /* Trail.m in Sources */ = {isa = PBXBuildFile; fileRef = A739508812D6AD850079EA7F /* Trail.m */; };
		22E80B4112FA9BD6009CF69F /* CXMLDocument_CreationExtensions.m in Sources */ = {isa = PBXBuildFile; fileRef = A7107A0D12DD2D0500B19EBC /* CXMLDocument_CreationExtensions.m */; };
		22E80B4212FA9BD6009CF69F /* CXMLNode_CreationExtensions.m in Sources */ = {isa = PBXBuildFile; fileRef = A7107A0F12DD2D0500B19EBC /* CXMLNode_CreationExtensions.m */; };
		22E80B4312FA9BD6009CF69F /* CXMLDocument.m in Sources */ = {isa = PBXBuildFile; fileRef = A7107A1112DD2D0500B19EBC /* CXMLDocument.m */; };
		22E80B4412FA9BD6009CF69F /* CXMLDocument_PrivateExtensions.m in Sources */ = {isa = PBXBuildFile; fileRef = A7107A1312DD2D0500B19EBC /* CXMLDocument_PrivateExtensions.m */; };
		22E80B4512FA9BD6009CF69F /* CXMLElement.m in Sources */ = {isa = PBXBuildFile; fileRef = A7107A1512DD2D0500B19EBC /* CXMLElement.m */; };
		22E80B4612FA9BD6009CF69F /* CXMLElement_CreationExtensions.m in Sources */ = {isa = PBXBuildFile; fileRef = A7107A1712DD2D0500B19EBC /* CXMLElement_CreationExtensions.m */; };
		22E80B4712FA9BD6009CF69F /* CXMLElement_ElementTreeExtensions.m in Sources */ = {isa = PBXBuildFile; fileRef = A7107A1912DD2D0500B19EBC /* CXMLElement_ElementTreeExtensions.m */; };
		22E80B4812FA9BD6009CF69F /* CXMLNamespaceNode.m in Sources */ = {isa = PBXBuildFile; fileRef = A7107A1B12DD2D0500B19EBC /* CXMLNamespaceNode.m */; };
		22E80B4912FA9BD6009CF69F /* CXMLNode.m in Sources */ = {isa = PBXBuildFile; fileRef = A7107A1D12DD2D0500B19EBC /* CXMLNode.m */; };
		22E80B4A12FA9BD6009CF69F /* CXMLNode_PrivateExtensions.m in Sources */ = {isa = PBXBuildFile; fileRef = A7107A1F12DD2D0500B19EBC /* CXMLNode_PrivateExtensions.m */; };
		22E80B4B12FA9BD6009CF69F /* CXMLNode_XPathExtensions.m in Sources */ = {isa = PBXBuildFile; fileRef = A7107A2112DD2D0500B19EBC /* CXMLNode_XPathExtensions.m */; };
		22E80B4C12FA9BD6009CF69F /* CTidy.m in Sources */ = {isa = PBXBuildFile; fileRef = A7107A2412DD2D0500B19EBC /* CTidy.m */; };
		22E80B4D12FA9BD6009CF69F /* TrailOverlayPathView.m in Sources */ = {isa = PBXBuildFile; fileRef = 2233DACC12E8FA0E0004A33A /* TrailOverlayPathView.m */; };
		22E80B4E12FA9BD6009CF69F /* TrailOverlay.m in Sources */ = {isa = PBXBuildFile; fileRef = 2233DAD012E8FD260004A33A /* TrailOverlay.m */; };
		22E80B4F12FA9BD6009CF69F /* DataParser.m in Sources */ = {isa = PBXBuildFile; fileRef = 2237895C12EA0BDA00BAF18A /* DataParser.m */; };
		22E80B5012FA9BD6009CF69F /* TrailPointAnnotation.m in Sources */ = {isa = PBXBuildFile; fileRef = 2237895F12EA113800BAF18A /* TrailPointAnnotation.m */; };
		22E80B5112FA9BD6009CF69F /* MainViewController_iPad.m in Sources */ = {isa = PBXBuildFile; fileRef = 22C635F212EF624B00C53C84 /* MainViewController_iPad.m */; };
		22E80B5212FA9BD6009CF69F /* MainViewController_iPhone.m in Sources */ = {isa = PBXBuildFile; fileRef = 22C635F512EF625100C53C84 /* MainViewController_iPhone.m */; };
		22E80B5312FA9BD6009CF69F /* TrailPointInfoViewController.m in Sources */ = {isa = PBXBuildFile; fileRef = 22C011AE12EF851C000D5C9F /* TrailPointInfoViewController.m */; };
		22E80B5512FA9BD6009CF69F /* CoreLocation.framework in Frameworks */ = {isa = PBXBuildFile; fileRef = 22C07D6112E6896500381FE5 /* CoreLocation.framework */; };
		22E80B5612FA9BD6009CF69F /* MapKit.framework in Frameworks */ = {isa = PBXBuildFile; fileRef = A71079DC12DD2C5C00B19EBC /* MapKit.framework */; };
		22E80B5712FA9BD6009CF69F /* UIKit.framework in Frameworks */ = {isa = PBXBuildFile; fileRef = A7D94A4E12ADC542003BDB1C /* UIKit.framework */; };
		22E80B5812FA9BD6009CF69F /* Foundation.framework in Frameworks */ = {isa = PBXBuildFile; fileRef = A7D94A5012ADC542003BDB1C /* Foundation.framework */; };
		22E80B5912FA9BD6009CF69F /* CoreGraphics.framework in Frameworks */ = {isa = PBXBuildFile; fileRef = A7D94A5212ADC542003BDB1C /* CoreGraphics.framework */; };
		22E80B5B12FA9BD6009CF69F /* InfoPlist.strings in Resources */ = {isa = PBXBuildFile; fileRef = A7D94A5612ADC542003BDB1C /* InfoPlist.strings */; };
		22E80B5C12FA9BD6009CF69F /* MainWindow.xib in Resources */ = {isa = PBXBuildFile; fileRef = A7D94A5E12ADC542003BDB1C /* MainWindow.xib */; };
		22E80B5D12FA9BD6009CF69F /* MainViewController.xib in Resources */ = {isa = PBXBuildFile; fileRef = A7D94A6412ADC542003BDB1C /* MainViewController.xib */; };
		22E80B5E12FA9BD6009CF69F /* sample.xml in Resources */ = {isa = PBXBuildFile; fileRef = A7107A3912DD2F2700B19EBC /* sample.xml */; };
		22E80B5F12FA9BD6009CF69F /* MTMLogo_iOS_iPhone.png in Resources */ = {isa = PBXBuildFile; fileRef = 220CD76512E925EF000804E8 /* MTMLogo_iOS_iPhone.png */; };
		22E80B6012FA9BD6009CF69F /* MTMLogo_iOS_iPhone_Retina.png in Resources */ = {isa = PBXBuildFile; fileRef = 220CD76712E92603000804E8 /* MTMLogo_iOS_iPhone_Retina.png */; };
		22E80B6112FA9BD6009CF69F /* MainWindow-iPad.xib in Resources */ = {isa = PBXBuildFile; fileRef = 2236E44512EAA9EE00297F28 /* MainWindow-iPad.xib */; };
		22E80B6212FA9BD6009CF69F /* MTMLogo_iOS_iPad.png in Resources */ = {isa = PBXBuildFile; fileRef = 22C011A412EF659D000D5C9F /* MTMLogo_iOS_iPad.png */; };
		22E80B6312FA9BD6009CF69F /* TrailPointInfoView.xib in Resources */ = {isa = PBXBuildFile; fileRef = 22C011B212EF85B5000D5C9F /* TrailPointInfoView.xib */; };
		22E80B8A12FA9CC4009CF69F /* TrailTest.m in Sources */ = {isa = PBXBuildFile; fileRef = 22E80ACE12FA9771009CF69F /* TrailTest.m */; };
		22E80B9D12FA9D42009CF69F /* Trail.m in Sources */ = {isa = PBXBuildFile; fileRef = A739508812D6AD850079EA7F /* Trail.m */; };
		A71079DD12DD2C5C00B19EBC /* MapKit.framework in Frameworks */ = {isa = PBXBuildFile; fileRef = A71079DC12DD2C5C00B19EBC /* MapKit.framework */; };
		A7107A2612DD2D0500B19EBC /* CXMLDocument_CreationExtensions.m in Sources */ = {isa = PBXBuildFile; fileRef = A7107A0D12DD2D0500B19EBC /* CXMLDocument_CreationExtensions.m */; };
		A7107A2712DD2D0500B19EBC /* CXMLNode_CreationExtensions.m in Sources */ = {isa = PBXBuildFile; fileRef = A7107A0F12DD2D0500B19EBC /* CXMLNode_CreationExtensions.m */; };
		A7107A2812DD2D0500B19EBC /* CXMLDocument.m in Sources */ = {isa = PBXBuildFile; fileRef = A7107A1112DD2D0500B19EBC /* CXMLDocument.m */; };
		A7107A2912DD2D0500B19EBC /* CXMLDocument_PrivateExtensions.m in Sources */ = {isa = PBXBuildFile; fileRef = A7107A1312DD2D0500B19EBC /* CXMLDocument_PrivateExtensions.m */; };
		A7107A2A12DD2D0500B19EBC /* CXMLElement.m in Sources */ = {isa = PBXBuildFile; fileRef = A7107A1512DD2D0500B19EBC /* CXMLElement.m */; };
		A7107A2B12DD2D0500B19EBC /* CXMLElement_CreationExtensions.m in Sources */ = {isa = PBXBuildFile; fileRef = A7107A1712DD2D0500B19EBC /* CXMLElement_CreationExtensions.m */; };
		A7107A2C12DD2D0500B19EBC /* CXMLElement_ElementTreeExtensions.m in Sources */ = {isa = PBXBuildFile; fileRef = A7107A1912DD2D0500B19EBC /* CXMLElement_ElementTreeExtensions.m */; };
		A7107A2D12DD2D0500B19EBC /* CXMLNamespaceNode.m in Sources */ = {isa = PBXBuildFile; fileRef = A7107A1B12DD2D0500B19EBC /* CXMLNamespaceNode.m */; };
		A7107A2E12DD2D0500B19EBC /* CXMLNode.m in Sources */ = {isa = PBXBuildFile; fileRef = A7107A1D12DD2D0500B19EBC /* CXMLNode.m */; };
		A7107A2F12DD2D0500B19EBC /* CXMLNode_PrivateExtensions.m in Sources */ = {isa = PBXBuildFile; fileRef = A7107A1F12DD2D0500B19EBC /* CXMLNode_PrivateExtensions.m */; };
		A7107A3012DD2D0500B19EBC /* CXMLNode_XPathExtensions.m in Sources */ = {isa = PBXBuildFile; fileRef = A7107A2112DD2D0500B19EBC /* CXMLNode_XPathExtensions.m */; };
		A7107A3112DD2D0500B19EBC /* CTidy.m in Sources */ = {isa = PBXBuildFile; fileRef = A7107A2412DD2D0500B19EBC /* CTidy.m */; };
		A7107A3A12DD2F2700B19EBC /* sample.xml in Resources */ = {isa = PBXBuildFile; fileRef = A7107A3912DD2F2700B19EBC /* sample.xml */; };
		A7306D7112B6F8AA0099C0C2 /* TrailPoint.m in Sources */ = {isa = PBXBuildFile; fileRef = A7306D6E12B6F8AA0099C0C2 /* TrailPoint.m */; };
		A739508912D6AD850079EA7F /* Trail.m in Sources */ = {isa = PBXBuildFile; fileRef = A739508812D6AD850079EA7F /* Trail.m */; };
		A752C9A612B6EFCB008D2B62 /* MapView.m in Sources */ = {isa = PBXBuildFile; fileRef = A752C9A512B6EFCB008D2B62 /* MapView.m */; };
		A792BE6812C7379E005EFAC6 /* InterestPoint.m in Sources */ = {isa = PBXBuildFile; fileRef = A792BE6712C7379E005EFAC6 /* InterestPoint.m */; };
		A7D94A4F12ADC542003BDB1C /* UIKit.framework in Frameworks */ = {isa = PBXBuildFile; fileRef = A7D94A4E12ADC542003BDB1C /* UIKit.framework */; };
		A7D94A5112ADC542003BDB1C /* Foundation.framework in Frameworks */ = {isa = PBXBuildFile; fileRef = A7D94A5012ADC542003BDB1C /* Foundation.framework */; };
		A7D94A5312ADC542003BDB1C /* CoreGraphics.framework in Frameworks */ = {isa = PBXBuildFile; fileRef = A7D94A5212ADC542003BDB1C /* CoreGraphics.framework */; };
		A7D94A5812ADC542003BDB1C /* InfoPlist.strings in Resources */ = {isa = PBXBuildFile; fileRef = A7D94A5612ADC542003BDB1C /* InfoPlist.strings */; };
		A7D94A5A12ADC542003BDB1C /* main.m in Sources */ = {isa = PBXBuildFile; fileRef = A7D94A5912ADC542003BDB1C /* main.m */; };
		A7D94A5D12ADC542003BDB1C /* MTMAppDelegate.m in Sources */ = {isa = PBXBuildFile; fileRef = A7D94A5C12ADC542003BDB1C /* MTMAppDelegate.m */; };
		A7D94A6012ADC542003BDB1C /* MainWindow.xib in Resources */ = {isa = PBXBuildFile; fileRef = A7D94A5E12ADC542003BDB1C /* MainWindow.xib */; };
		A7D94A6312ADC542003BDB1C /* MainViewController.m in Sources */ = {isa = PBXBuildFile; fileRef = A7D94A6212ADC542003BDB1C /* MainViewController.m */; };
		A7D94A6612ADC542003BDB1C /* MainViewController.xib in Resources */ = {isa = PBXBuildFile; fileRef = A7D94A6412ADC542003BDB1C /* MainViewController.xib */; };
/* End PBXBuildFile section */

/* Begin PBXContainerItemProxy section */
		22E80B6A12FA9BE5009CF69F /* PBXContainerItemProxy */ = {
			isa = PBXContainerItemProxy;
			containerPortal = A7D94A3E12ADC542003BDB1C /* Project object */;
			proxyType = 1;
			remoteGlobalIDString = 22E80AC612FA9744009CF69F;
			remoteInfo = MTMTest;
		};
/* End PBXContainerItemProxy section */

/* Begin PBXFileReference section */
		220CD76512E925EF000804E8 /* MTMLogo_iOS_iPhone.png */ = {isa = PBXFileReference; lastKnownFileType = image.png; path = MTMLogo_iOS_iPhone.png; sourceTree = "<group>"; };
		220CD76712E92603000804E8 /* MTMLogo_iOS_iPhone_Retina.png */ = {isa = PBXFileReference; lastKnownFileType = image.png; path = MTMLogo_iOS_iPhone_Retina.png; sourceTree = "<group>"; };
		2214BB501301CDCD009EC84E /* MutableOrderedDictionary.h */ = {isa = PBXFileReference; fileEncoding = 4; lastKnownFileType = sourcecode.c.h; path = MutableOrderedDictionary.h; sourceTree = "<group>"; };
		2214BB511301CDCD009EC84E /* MutableOrderedDictionary.m */ = {isa = PBXFileReference; fileEncoding = 4; lastKnownFileType = sourcecode.c.objc; path = MutableOrderedDictionary.m; sourceTree = "<group>"; };
		2233DACB12E8FA0E0004A33A /* TrailOverlayPathView.h */ = {isa = PBXFileReference; fileEncoding = 4; lastKnownFileType = sourcecode.c.h; path = TrailOverlayPathView.h; sourceTree = "<group>"; };
		2233DACC12E8FA0E0004A33A /* TrailOverlayPathView.m */ = {isa = PBXFileReference; fileEncoding = 4; lastKnownFileType = sourcecode.c.objc; path = TrailOverlayPathView.m; sourceTree = "<group>"; };
		2233DACF12E8FD260004A33A /* TrailOverlay.h */ = {isa = PBXFileReference; fileEncoding = 4; lastKnownFileType = sourcecode.c.h; path = TrailOverlay.h; sourceTree = "<group>"; };
		2233DAD012E8FD260004A33A /* TrailOverlay.m */ = {isa = PBXFileReference; fileEncoding = 4; lastKnownFileType = sourcecode.c.objc; path = TrailOverlay.m; sourceTree = "<group>"; };
		2236E44612EAA9EE00297F28 /* en */ = {isa = PBXFileReference; lastKnownFileType = file.xib; name = en; path = "Resources-iPad/en.lproj/MainWindow-iPad.xib"; sourceTree = "<group>"; };
		2237895B12EA0BDA00BAF18A /* DataParser.h */ = {isa = PBXFileReference; fileEncoding = 4; lastKnownFileType = sourcecode.c.h; path = DataParser.h; sourceTree = "<group>"; };
		2237895C12EA0BDA00BAF18A /* DataParser.m */ = {isa = PBXFileReference; fileEncoding = 4; lastKnownFileType = sourcecode.c.objc; path = DataParser.m; sourceTree = "<group>"; };
		2237895E12EA113800BAF18A /* TrailPointAnnotation.h */ = {isa = PBXFileReference; fileEncoding = 4; lastKnownFileType = sourcecode.c.h; path = TrailPointAnnotation.h; sourceTree = "<group>"; };
		2237895F12EA113800BAF18A /* TrailPointAnnotation.m */ = {isa = PBXFileReference; fileEncoding = 4; lastKnownFileType = sourcecode.c.objc; path = TrailPointAnnotation.m; sourceTree = "<group>"; };
		22876D7812FF47D900BEF630 /* InterestPointTest.h */ = {isa = PBXFileReference; fileEncoding = 4; lastKnownFileType = sourcecode.c.h; path = InterestPointTest.h; sourceTree = "<group>"; };
		22876D7912FF47D900BEF630 /* InterestPointTest.m */ = {isa = PBXFileReference; fileEncoding = 4; lastKnownFileType = sourcecode.c.objc; path = InterestPointTest.m; sourceTree = "<group>"; };
		22876D7B12FF4A1E00BEF630 /* TrailPointTest.h */ = {isa = PBXFileReference; fileEncoding = 4; lastKnownFileType = sourcecode.c.h; path = TrailPointTest.h; sourceTree = "<group>"; };
		22876D7C12FF4A1E00BEF630 /* TrailPointTest.m */ = {isa = PBXFileReference; fileEncoding = 4; lastKnownFileType = sourcecode.c.objc; path = TrailPointTest.m; sourceTree = "<group>"; };
		22876D8512FFBBCF00BEF630 /* redx.png */ = {isa = PBXFileReference; lastKnownFileType = image.png; path = redx.png; sourceTree = "<group>"; };
		229B73AC13073FD600A9A8BA /* SettingsViewController.h */ = {isa = PBXFileReference; fileEncoding = 4; lastKnownFileType = sourcecode.c.h; path = SettingsViewController.h; sourceTree = "<group>"; };
		229B73AD13073FD600A9A8BA /* SettingsViewController.m */ = {isa = PBXFileReference; fileEncoding = 4; lastKnownFileType = sourcecode.c.objc; path = SettingsViewController.m; sourceTree = "<group>"; };
		229CA36113005FDB001E338E /* PrimarySettingsViewController.h */ = {isa = PBXFileReference; fileEncoding = 4; lastKnownFileType = sourcecode.c.h; path = PrimarySettingsViewController.h; sourceTree = "<group>"; };
		229CA36213005FDB001E338E /* PrimarySettingsViewController.m */ = {isa = PBXFileReference; fileEncoding = 4; lastKnownFileType = sourcecode.c.objc; path = PrimarySettingsViewController.m; sourceTree = "<group>"; };
		229CA36613005FFC001E338E /* SettingsViewController.xib */ = {isa = PBXFileReference; fileEncoding = 4; lastKnownFileType = file.xib; path = SettingsViewController.xib; sourceTree = "<group>"; };
		229CA36C1301B3F0001E338E /* Setting.h */ = {isa = PBXFileReference; fileEncoding = 4; lastKnownFileType = sourcecode.c.h; path = Setting.h; sourceTree = "<group>"; };
		229CA36D1301B3F0001E338E /* Setting.m */ = {isa = PBXFileReference; fileEncoding = 4; lastKnownFileType = sourcecode.c.objc; path = Setting.m; sourceTree = "<group>"; };
		22C011A412EF659D000D5C9F /* MTMLogo_iOS_iPad.png */ = {isa = PBXFileReference; lastKnownFileType = image.png; path = MTMLogo_iOS_iPad.png; sourceTree = "<group>"; };
		22C011A912EF7D18000D5C9F /* TrailActionDelegate.h */ = {isa = PBXFileReference; fileEncoding = 4; lastKnownFileType = sourcecode.c.h; path = TrailActionDelegate.h; sourceTree = "<group>"; };
		22C011AD12EF851C000D5C9F /* TrailPointInfoViewController.h */ = {isa = PBXFileReference; fileEncoding = 4; lastKnownFileType = sourcecode.c.h; path = TrailPointInfoViewController.h; sourceTree = "<group>"; };
		22C011AE12EF851C000D5C9F /* TrailPointInfoViewController.m */ = {isa = PBXFileReference; fileEncoding = 4; lastKnownFileType = sourcecode.c.objc; path = TrailPointInfoViewController.m; sourceTree = "<group>"; };
		22C011B212EF85B5000D5C9F /* TrailPointInfoView.xib */ = {isa = PBXFileReference; fileEncoding = 4; lastKnownFileType = file.xib; path = TrailPointInfoView.xib; sourceTree = "<group>"; };
		22C07D6112E6896500381FE5 /* CoreLocation.framework */ = {isa = PBXFileReference; lastKnownFileType = wrapper.framework; name = CoreLocation.framework; path = System/Library/Frameworks/CoreLocation.framework; sourceTree = SDKROOT; };
		22C635F112EF624B00C53C84 /* MainViewController_iPad.h */ = {isa = PBXFileReference; fileEncoding = 4; lastKnownFileType = sourcecode.c.h; path = MainViewController_iPad.h; sourceTree = "<group>"; };
		22C635F212EF624B00C53C84 /* MainViewController_iPad.m */ = {isa = PBXFileReference; fileEncoding = 4; lastKnownFileType = sourcecode.c.objc; path = MainViewController_iPad.m; sourceTree = "<group>"; };
		22C635F412EF625100C53C84 /* MainViewController_iPhone.h */ = {isa = PBXFileReference; fileEncoding = 4; lastKnownFileType = sourcecode.c.h; path = MainViewController_iPhone.h; sourceTree = "<group>"; };
		22C635F512EF625100C53C84 /* MainViewController_iPhone.m */ = {isa = PBXFileReference; fileEncoding = 4; lastKnownFileType = sourcecode.c.objc; path = MainViewController_iPhone.m; sourceTree = "<group>"; };
		22DC0FEF130743C200D99F22 /* AdvancedSettingsViewController.h */ = {isa = PBXFileReference; fileEncoding = 4; lastKnownFileType = sourcecode.c.h; path = AdvancedSettingsViewController.h; sourceTree = "<group>"; };
		22DC0FF0130743C200D99F22 /* AdvancedSettingsViewController.m */ = {isa = PBXFileReference; fileEncoding = 4; lastKnownFileType = sourcecode.c.objc; path = AdvancedSettingsViewController.m; sourceTree = "<group>"; };
		22DC0FF31307550300D99F22 /* ServiceAccountManager.h */ = {isa = PBXFileReference; fileEncoding = 4; lastKnownFileType = sourcecode.c.h; path = ServiceAccountManager.h; sourceTree = "<group>"; };
		22DC0FF61307550F00D99F22 /* ServiceAccountManager.m */ = {isa = PBXFileReference; fileEncoding = 4; lastKnownFileType = sourcecode.c.objc; path = ServiceAccountManager.m; sourceTree = "<group>"; };
		22DC0FF81307562500D99F22 /* StoredSettingsManager.h */ = {isa = PBXFileReference; fileEncoding = 4; lastKnownFileType = sourcecode.c.h; path = StoredSettingsManager.h; sourceTree = "<group>"; };
		22DC0FF91307562500D99F22 /* StoredSettingsManager.m */ = {isa = PBXFileReference; fileEncoding = 4; lastKnownFileType = sourcecode.c.objc; path = StoredSettingsManager.m; sourceTree = "<group>"; };
		22E3C66612F0CD8000044FB7 /* TrailPointInfoModalDelegate.h */ = {isa = PBXFileReference; fileEncoding = 4; lastKnownFileType = sourcecode.c.h; path = TrailPointInfoModalDelegate.h; sourceTree = "<group>"; };
		22E80AC712FA9744009CF69F /* MTMTest.octest */ = {isa = PBXFileReference; explicitFileType = wrapper.cfbundle; includeInIndex = 0; path = MTMTest.octest; sourceTree = BUILT_PRODUCTS_DIR; };
		22E80AC812FA9744009CF69F /* MTMTest-Info.plist */ = {isa = PBXFileReference; lastKnownFileType = text.plist.xml; path = "MTMTest-Info.plist"; sourceTree = "<group>"; };
		22E80ACD12FA9771009CF69F /* TrailTest.h */ = {isa = PBXFileReference; fileEncoding = 4; lastKnownFileType = sourcecode.c.h; path = TrailTest.h; sourceTree = "<group>"; };
		22E80ACE12FA9771009CF69F /* TrailTest.m */ = {isa = PBXFileReference; fileEncoding = 4; lastKnownFileType = sourcecode.c.objc; path = TrailTest.m; sourceTree = "<group>"; };
		22E80B6712FA9BD6009CF69F /* MTM.app */ = {isa = PBXFileReference; explicitFileType = wrapper.application; includeInIndex = 0; path = MTM.app; sourceTree = BUILT_PRODUCTS_DIR; };
		A71079DC12DD2C5C00B19EBC /* MapKit.framework */ = {isa = PBXFileReference; lastKnownFileType = wrapper.framework; name = MapKit.framework; path = Libs/MapKit.framework; sourceTree = "<group>"; };
		A7107A0C12DD2D0500B19EBC /* CXMLDocument_CreationExtensions.h */ = {isa = PBXFileReference; fileEncoding = 4; lastKnownFileType = sourcecode.c.h; path = CXMLDocument_CreationExtensions.h; sourceTree = "<group>"; };
		A7107A0D12DD2D0500B19EBC /* CXMLDocument_CreationExtensions.m */ = {isa = PBXFileReference; fileEncoding = 4; lastKnownFileType = sourcecode.c.objc; path = CXMLDocument_CreationExtensions.m; sourceTree = "<group>"; };
		A7107A0E12DD2D0500B19EBC /* CXMLNode_CreationExtensions.h */ = {isa = PBXFileReference; fileEncoding = 4; lastKnownFileType = sourcecode.c.h; path = CXMLNode_CreationExtensions.h; sourceTree = "<group>"; };
		A7107A0F12DD2D0500B19EBC /* CXMLNode_CreationExtensions.m */ = {isa = PBXFileReference; fileEncoding = 4; lastKnownFileType = sourcecode.c.objc; path = CXMLNode_CreationExtensions.m; sourceTree = "<group>"; };
		A7107A1012DD2D0500B19EBC /* CXMLDocument.h */ = {isa = PBXFileReference; fileEncoding = 4; lastKnownFileType = sourcecode.c.h; path = CXMLDocument.h; sourceTree = "<group>"; };
		A7107A1112DD2D0500B19EBC /* CXMLDocument.m */ = {isa = PBXFileReference; fileEncoding = 4; lastKnownFileType = sourcecode.c.objc; path = CXMLDocument.m; sourceTree = "<group>"; };
		A7107A1212DD2D0500B19EBC /* CXMLDocument_PrivateExtensions.h */ = {isa = PBXFileReference; fileEncoding = 4; lastKnownFileType = sourcecode.c.h; path = CXMLDocument_PrivateExtensions.h; sourceTree = "<group>"; };
		A7107A1312DD2D0500B19EBC /* CXMLDocument_PrivateExtensions.m */ = {isa = PBXFileReference; fileEncoding = 4; lastKnownFileType = sourcecode.c.objc; path = CXMLDocument_PrivateExtensions.m; sourceTree = "<group>"; };
		A7107A1412DD2D0500B19EBC /* CXMLElement.h */ = {isa = PBXFileReference; fileEncoding = 4; lastKnownFileType = sourcecode.c.h; path = CXMLElement.h; sourceTree = "<group>"; };
		A7107A1512DD2D0500B19EBC /* CXMLElement.m */ = {isa = PBXFileReference; fileEncoding = 4; lastKnownFileType = sourcecode.c.objc; path = CXMLElement.m; sourceTree = "<group>"; };
		A7107A1612DD2D0500B19EBC /* CXMLElement_CreationExtensions.h */ = {isa = PBXFileReference; fileEncoding = 4; lastKnownFileType = sourcecode.c.h; path = CXMLElement_CreationExtensions.h; sourceTree = "<group>"; };
		A7107A1712DD2D0500B19EBC /* CXMLElement_CreationExtensions.m */ = {isa = PBXFileReference; fileEncoding = 4; lastKnownFileType = sourcecode.c.objc; path = CXMLElement_CreationExtensions.m; sourceTree = "<group>"; };
		A7107A1812DD2D0500B19EBC /* CXMLElement_ElementTreeExtensions.h */ = {isa = PBXFileReference; fileEncoding = 4; lastKnownFileType = sourcecode.c.h; path = CXMLElement_ElementTreeExtensions.h; sourceTree = "<group>"; };
		A7107A1912DD2D0500B19EBC /* CXMLElement_ElementTreeExtensions.m */ = {isa = PBXFileReference; fileEncoding = 4; lastKnownFileType = sourcecode.c.objc; path = CXMLElement_ElementTreeExtensions.m; sourceTree = "<group>"; };
		A7107A1A12DD2D0500B19EBC /* CXMLNamespaceNode.h */ = {isa = PBXFileReference; fileEncoding = 4; lastKnownFileType = sourcecode.c.h; path = CXMLNamespaceNode.h; sourceTree = "<group>"; };
		A7107A1B12DD2D0500B19EBC /* CXMLNamespaceNode.m */ = {isa = PBXFileReference; fileEncoding = 4; lastKnownFileType = sourcecode.c.objc; path = CXMLNamespaceNode.m; sourceTree = "<group>"; };
		A7107A1C12DD2D0500B19EBC /* CXMLNode.h */ = {isa = PBXFileReference; fileEncoding = 4; lastKnownFileType = sourcecode.c.h; path = CXMLNode.h; sourceTree = "<group>"; };
		A7107A1D12DD2D0500B19EBC /* CXMLNode.m */ = {isa = PBXFileReference; fileEncoding = 4; lastKnownFileType = sourcecode.c.objc; path = CXMLNode.m; sourceTree = "<group>"; };
		A7107A1E12DD2D0500B19EBC /* CXMLNode_PrivateExtensions.h */ = {isa = PBXFileReference; fileEncoding = 4; lastKnownFileType = sourcecode.c.h; path = CXMLNode_PrivateExtensions.h; sourceTree = "<group>"; };
		A7107A1F12DD2D0500B19EBC /* CXMLNode_PrivateExtensions.m */ = {isa = PBXFileReference; fileEncoding = 4; lastKnownFileType = sourcecode.c.objc; path = CXMLNode_PrivateExtensions.m; sourceTree = "<group>"; };
		A7107A2012DD2D0500B19EBC /* CXMLNode_XPathExtensions.h */ = {isa = PBXFileReference; fileEncoding = 4; lastKnownFileType = sourcecode.c.h; path = CXMLNode_XPathExtensions.h; sourceTree = "<group>"; };
		A7107A2112DD2D0500B19EBC /* CXMLNode_XPathExtensions.m */ = {isa = PBXFileReference; fileEncoding = 4; lastKnownFileType = sourcecode.c.objc; path = CXMLNode_XPathExtensions.m; sourceTree = "<group>"; };
		A7107A2312DD2D0500B19EBC /* CTidy.h */ = {isa = PBXFileReference; fileEncoding = 4; lastKnownFileType = sourcecode.c.h; path = CTidy.h; sourceTree = "<group>"; };
		A7107A2412DD2D0500B19EBC /* CTidy.m */ = {isa = PBXFileReference; fileEncoding = 4; lastKnownFileType = sourcecode.c.objc; path = CTidy.m; sourceTree = "<group>"; };
		A7107A2512DD2D0500B19EBC /* TouchXML.h */ = {isa = PBXFileReference; fileEncoding = 4; lastKnownFileType = sourcecode.c.h; path = TouchXML.h; sourceTree = "<group>"; };
		A7107A3912DD2F2700B19EBC /* sample.xml */ = {isa = PBXFileReference; fileEncoding = 4; lastKnownFileType = text.xml; path = sample.xml; sourceTree = "<group>"; };
		A7306D6D12B6F8AA0099C0C2 /* TrailPoint.h */ = {isa = PBXFileReference; fileEncoding = 4; lastKnownFileType = sourcecode.c.h; path = TrailPoint.h; sourceTree = "<group>"; };
		A7306D6E12B6F8AA0099C0C2 /* TrailPoint.m */ = {isa = PBXFileReference; fileEncoding = 4; lastKnownFileType = sourcecode.c.objc; path = TrailPoint.m; sourceTree = "<group>"; };
		A739508712D6AD850079EA7F /* Trail.h */ = {isa = PBXFileReference; fileEncoding = 4; lastKnownFileType = sourcecode.c.h; path = Trail.h; sourceTree = "<group>"; };
		A739508812D6AD850079EA7F /* Trail.m */ = {isa = PBXFileReference; fileEncoding = 4; lastKnownFileType = sourcecode.c.objc; path = Trail.m; sourceTree = "<group>"; };
		A752C9A412B6EFCB008D2B62 /* MapView.h */ = {isa = PBXFileReference; fileEncoding = 4; lastKnownFileType = sourcecode.c.h; path = MapView.h; sourceTree = "<group>"; };
		A752C9A512B6EFCB008D2B62 /* MapView.m */ = {isa = PBXFileReference; fileEncoding = 4; lastKnownFileType = sourcecode.c.objc; path = MapView.m; sourceTree = "<group>"; };
		A792BE6612C7379E005EFAC6 /* InterestPoint.h */ = {isa = PBXFileReference; fileEncoding = 4; lastKnownFileType = sourcecode.c.h; path = InterestPoint.h; sourceTree = "<group>"; };
		A792BE6712C7379E005EFAC6 /* InterestPoint.m */ = {isa = PBXFileReference; fileEncoding = 4; lastKnownFileType = sourcecode.c.objc; path = InterestPoint.m; sourceTree = "<group>"; };
		A7D94A4B12ADC542003BDB1C /* MTM.app */ = {isa = PBXFileReference; explicitFileType = wrapper.application; includeInIndex = 0; path = MTM.app; sourceTree = BUILT_PRODUCTS_DIR; };
		A7D94A4E12ADC542003BDB1C /* UIKit.framework */ = {isa = PBXFileReference; lastKnownFileType = wrapper.framework; name = UIKit.framework; path = System/Library/Frameworks/UIKit.framework; sourceTree = SDKROOT; };
		A7D94A5012ADC542003BDB1C /* Foundation.framework */ = {isa = PBXFileReference; lastKnownFileType = wrapper.framework; name = Foundation.framework; path = System/Library/Frameworks/Foundation.framework; sourceTree = SDKROOT; };
		A7D94A5212ADC542003BDB1C /* CoreGraphics.framework */ = {isa = PBXFileReference; lastKnownFileType = wrapper.framework; name = CoreGraphics.framework; path = System/Library/Frameworks/CoreGraphics.framework; sourceTree = SDKROOT; };
		A7D94A5412ADC542003BDB1C /* MTM-Info.plist */ = {isa = PBXFileReference; lastKnownFileType = text.plist.xml; path = "MTM-Info.plist"; sourceTree = "<group>"; };
		A7D94A5512ADC542003BDB1C /* MTM_Prefix.pch */ = {isa = PBXFileReference; lastKnownFileType = sourcecode.c.h; path = MTM_Prefix.pch; sourceTree = "<group>"; };
		A7D94A5712ADC542003BDB1C /* en */ = {isa = PBXFileReference; lastKnownFileType = text.plist.strings; name = en; path = en.lproj/InfoPlist.strings; sourceTree = "<group>"; };
		A7D94A5912ADC542003BDB1C /* main.m */ = {isa = PBXFileReference; lastKnownFileType = sourcecode.c.objc; path = main.m; sourceTree = "<group>"; };
		A7D94A5B12ADC542003BDB1C /* MTMAppDelegate.h */ = {isa = PBXFileReference; lastKnownFileType = sourcecode.c.h; path = MTMAppDelegate.h; sourceTree = "<group>"; };
		A7D94A5C12ADC542003BDB1C /* MTMAppDelegate.m */ = {isa = PBXFileReference; lastKnownFileType = sourcecode.c.objc; path = MTMAppDelegate.m; sourceTree = "<group>"; };
		A7D94A5F12ADC542003BDB1C /* en */ = {isa = PBXFileReference; lastKnownFileType = file.xib; name = en; path = en.lproj/MainWindow.xib; sourceTree = "<group>"; };
		A7D94A6112ADC542003BDB1C /* MainViewController.h */ = {isa = PBXFileReference; lastKnownFileType = sourcecode.c.h; path = MainViewController.h; sourceTree = "<group>"; };
		A7D94A6212ADC542003BDB1C /* MainViewController.m */ = {isa = PBXFileReference; lastKnownFileType = sourcecode.c.objc; path = MainViewController.m; sourceTree = "<group>"; };
		A7D94A6512ADC542003BDB1C /* en */ = {isa = PBXFileReference; lastKnownFileType = file.xib; name = en; path = en.lproj/MainViewController.xib; sourceTree = "<group>"; };
/* End PBXFileReference section */

/* Begin PBXFrameworksBuildPhase section */
		22E80AC412FA9744009CF69F /* Frameworks */ = {
			isa = PBXFrameworksBuildPhase;
			buildActionMask = 2147483647;
			files = (
			);
			runOnlyForDeploymentPostprocessing = 0;
		};
		22E80B5412FA9BD6009CF69F /* Frameworks */ = {
			isa = PBXFrameworksBuildPhase;
			buildActionMask = 2147483647;
			files = (
				22E80B5512FA9BD6009CF69F /* CoreLocation.framework in Frameworks */,
				22E80B5612FA9BD6009CF69F /* MapKit.framework in Frameworks */,
				22E80B5712FA9BD6009CF69F /* UIKit.framework in Frameworks */,
				22E80B5812FA9BD6009CF69F /* Foundation.framework in Frameworks */,
				22E80B5912FA9BD6009CF69F /* CoreGraphics.framework in Frameworks */,
			);
			runOnlyForDeploymentPostprocessing = 0;
		};
		A7D94A4812ADC542003BDB1C /* Frameworks */ = {
			isa = PBXFrameworksBuildPhase;
			buildActionMask = 2147483647;
			files = (
				22C07D6212E6896500381FE5 /* CoreLocation.framework in Frameworks */,
				A71079DD12DD2C5C00B19EBC /* MapKit.framework in Frameworks */,
				A7D94A4F12ADC542003BDB1C /* UIKit.framework in Frameworks */,
				A7D94A5112ADC542003BDB1C /* Foundation.framework in Frameworks */,
				A7D94A5312ADC542003BDB1C /* CoreGraphics.framework in Frameworks */,
			);
			runOnlyForDeploymentPostprocessing = 0;
		};
/* End PBXFrameworksBuildPhase section */

/* Begin PBXGroup section */
		2236E44412EAA9ED00297F28 /* Resources-iPad */ = {
			isa = PBXGroup;
			children = (
				22C011A412EF659D000D5C9F /* MTMLogo_iOS_iPad.png */,
				2236E44512EAA9EE00297F28 /* MainWindow-iPad.xib */,
			);
			name = "Resources-iPad";
			sourceTree = "<group>";
		};
		229CA36013005FC4001E338E /* Settings */ = {
			isa = PBXGroup;
			children = (
				22DC0FF21307537800D99F22 /* Network */,
				229B73AC13073FD600A9A8BA /* SettingsViewController.h */,
				229B73AD13073FD600A9A8BA /* SettingsViewController.m */,
				229CA36113005FDB001E338E /* PrimarySettingsViewController.h */,
				229CA36213005FDB001E338E /* PrimarySettingsViewController.m */,
				229CA36C1301B3F0001E338E /* Setting.h */,
				229CA36D1301B3F0001E338E /* Setting.m */,
				2214BB501301CDCD009EC84E /* MutableOrderedDictionary.h */,
				2214BB511301CDCD009EC84E /* MutableOrderedDictionary.m */,
				22DC0FEF130743C200D99F22 /* AdvancedSettingsViewController.h */,
				22DC0FF0130743C200D99F22 /* AdvancedSettingsViewController.m */,
				22DC0FF81307562500D99F22 /* StoredSettingsManager.h */,
				22DC0FF91307562500D99F22 /* StoredSettingsManager.m */,
			);
			name = Settings;
			sourceTree = "<group>";
		};
		22C07D6412E6933900381FE5 /* Map */ = {
			isa = PBXGroup;
			children = (
				2237895E12EA113800BAF18A /* TrailPointAnnotation.h */,
				2237895F12EA113800BAF18A /* TrailPointAnnotation.m */,
				2233DACF12E8FD260004A33A /* TrailOverlay.h */,
				2233DAD012E8FD260004A33A /* TrailOverlay.m */,
				2233DACB12E8FA0E0004A33A /* TrailOverlayPathView.h */,
				2233DACC12E8FA0E0004A33A /* TrailOverlayPathView.m */,
				A752C9A412B6EFCB008D2B62 /* MapView.h */,
				A752C9A512B6EFCB008D2B62 /* MapView.m */,
			);
			name = Map;
			sourceTree = "<group>";
		};
		22C635EE12EF61C500C53C84 /* Common */ = {
			isa = PBXGroup;
			children = (
				229CA36013005FC4001E338E /* Settings */,
				22C07D6412E6933900381FE5 /* Map */,
				A792BDE312C71BCB005EFAC6 /* Objects */,
				A7D94A5B12ADC542003BDB1C /* MTMAppDelegate.h */,
				A7D94A5C12ADC542003BDB1C /* MTMAppDelegate.m */,
				A7D94A6112ADC542003BDB1C /* MainViewController.h */,
				A7D94A6212ADC542003BDB1C /* MainViewController.m */,
				22C011AD12EF851C000D5C9F /* TrailPointInfoViewController.h */,
				22C011AE12EF851C000D5C9F /* TrailPointInfoViewController.m */,
				2237895B12EA0BDA00BAF18A /* DataParser.h */,
				2237895C12EA0BDA00BAF18A /* DataParser.m */,
				22E3C66612F0CD8000044FB7 /* TrailPointInfoModalDelegate.h */,
				22C011A912EF7D18000D5C9F /* TrailActionDelegate.h */,
			);
			name = Common;
			sourceTree = "<group>";
		};
		22C635EF12EF61DE00C53C84 /* iPhone */ = {
			isa = PBXGroup;
			children = (
				22C635F412EF625100C53C84 /* MainViewController_iPhone.h */,
				22C635F512EF625100C53C84 /* MainViewController_iPhone.m */,
			);
			name = iPhone;
			sourceTree = "<group>";
		};
		22C635F012EF61E400C53C84 /* iPad */ = {
			isa = PBXGroup;
			children = (
				22C635F112EF624B00C53C84 /* MainViewController_iPad.h */,
				22C635F212EF624B00C53C84 /* MainViewController_iPad.m */,
			);
			name = iPad;
			sourceTree = "<group>";
		};
		22DC0FF21307537800D99F22 /* Network */ = {
			isa = PBXGroup;
			children = (
				22DC0FF31307550300D99F22 /* ServiceAccountManager.h */,
				22DC0FF61307550F00D99F22 /* ServiceAccountManager.m */,
			);
			name = Network;
			sourceTree = "<group>";
		};
		22E80ACC12FA9754009CF69F /* Tests */ = {
			isa = PBXGroup;
			children = (
				22E80ACD12FA9771009CF69F /* TrailTest.h */,
				22E80ACE12FA9771009CF69F /* TrailTest.m */,
				22876D7812FF47D900BEF630 /* InterestPointTest.h */,
				22876D7912FF47D900BEF630 /* InterestPointTest.m */,
				22876D7B12FF4A1E00BEF630 /* TrailPointTest.h */,
				22876D7C12FF4A1E00BEF630 /* TrailPointTest.m */,
			);
			name = Tests;
			sourceTree = "<group>";
		};
		A7107A0A12DD2D0500B19EBC /* TouchXML */ = {
			isa = PBXGroup;
			children = (
				A7107A0B12DD2D0500B19EBC /* Creation */,
				A7107A1012DD2D0500B19EBC /* CXMLDocument.h */,
				A7107A1112DD2D0500B19EBC /* CXMLDocument.m */,
				A7107A1212DD2D0500B19EBC /* CXMLDocument_PrivateExtensions.h */,
				A7107A1312DD2D0500B19EBC /* CXMLDocument_PrivateExtensions.m */,
				A7107A1412DD2D0500B19EBC /* CXMLElement.h */,
				A7107A1512DD2D0500B19EBC /* CXMLElement.m */,
				A7107A1612DD2D0500B19EBC /* CXMLElement_CreationExtensions.h */,
				A7107A1712DD2D0500B19EBC /* CXMLElement_CreationExtensions.m */,
				A7107A1812DD2D0500B19EBC /* CXMLElement_ElementTreeExtensions.h */,
				A7107A1912DD2D0500B19EBC /* CXMLElement_ElementTreeExtensions.m */,
				A7107A1A12DD2D0500B19EBC /* CXMLNamespaceNode.h */,
				A7107A1B12DD2D0500B19EBC /* CXMLNamespaceNode.m */,
				A7107A1C12DD2D0500B19EBC /* CXMLNode.h */,
				A7107A1D12DD2D0500B19EBC /* CXMLNode.m */,
				A7107A1E12DD2D0500B19EBC /* CXMLNode_PrivateExtensions.h */,
				A7107A1F12DD2D0500B19EBC /* CXMLNode_PrivateExtensions.m */,
				A7107A2012DD2D0500B19EBC /* CXMLNode_XPathExtensions.h */,
				A7107A2112DD2D0500B19EBC /* CXMLNode_XPathExtensions.m */,
				A7107A2212DD2D0500B19EBC /* Tidy */,
				A7107A2512DD2D0500B19EBC /* TouchXML.h */,
			);
			name = TouchXML;
			path = Libs/TouchXML;
			sourceTree = "<group>";
		};
		A7107A0B12DD2D0500B19EBC /* Creation */ = {
			isa = PBXGroup;
			children = (
				A7107A0C12DD2D0500B19EBC /* CXMLDocument_CreationExtensions.h */,
				A7107A0D12DD2D0500B19EBC /* CXMLDocument_CreationExtensions.m */,
				A7107A0E12DD2D0500B19EBC /* CXMLNode_CreationExtensions.h */,
				A7107A0F12DD2D0500B19EBC /* CXMLNode_CreationExtensions.m */,
			);
			path = Creation;
			sourceTree = "<group>";
		};
		A7107A2212DD2D0500B19EBC /* Tidy */ = {
			isa = PBXGroup;
			children = (
				A7107A2312DD2D0500B19EBC /* CTidy.h */,
				A7107A2412DD2D0500B19EBC /* CTidy.m */,
			);
			path = Tidy;
			sourceTree = "<group>";
		};
		A792BDE312C71BCB005EFAC6 /* Objects */ = {
			isa = PBXGroup;
			children = (
				22E80ACC12FA9754009CF69F /* Tests */,
				A739508712D6AD850079EA7F /* Trail.h */,
				A739508812D6AD850079EA7F /* Trail.m */,
				A792BE6612C7379E005EFAC6 /* InterestPoint.h */,
				A792BE6712C7379E005EFAC6 /* InterestPoint.m */,
				A7306D6D12B6F8AA0099C0C2 /* TrailPoint.h */,
				A7306D6E12B6F8AA0099C0C2 /* TrailPoint.m */,
			);
			name = Objects;
			sourceTree = "<group>";
		};
		A7D94A3C12ADC542003BDB1C = {
			isa = PBXGroup;
			children = (
				22C07D6112E6896500381FE5 /* CoreLocation.framework */,
				A7D94A4312ADC542003BDB1C /* Classes */,
				A7D94A4412ADC542003BDB1C /* Other Sources */,
				A7D94A4512ADC542003BDB1C /* Resources */,
				2236E44412EAA9ED00297F28 /* Resources-iPad */,
				A7D94A4612ADC542003BDB1C /* Frameworks */,
				A7D94A4C12ADC542003BDB1C /* Products */,
				22E80AC812FA9744009CF69F /* MTMTest-Info.plist */,
			);
			sourceTree = "<group>";
		};
		A7D94A4312ADC542003BDB1C /* Classes */ = {
			isa = PBXGroup;
			children = (
				22C635F012EF61E400C53C84 /* iPad */,
				22C635EF12EF61DE00C53C84 /* iPhone */,
				22C635EE12EF61C500C53C84 /* Common */,
			);
			path = Classes;
			sourceTree = "<group>";
		};
		A7D94A4412ADC542003BDB1C /* Other Sources */ = {
			isa = PBXGroup;
			children = (
				A7D94A5512ADC542003BDB1C /* MTM_Prefix.pch */,
				A7D94A5912ADC542003BDB1C /* main.m */,
			);
			name = "Other Sources";
			sourceTree = "<group>";
		};
		A7D94A4512ADC542003BDB1C /* Resources */ = {
			isa = PBXGroup;
			children = (
				229CA36613005FFC001E338E /* SettingsViewController.xib */,
				22876D8512FFBBCF00BEF630 /* redx.png */,
				220CD76512E925EF000804E8 /* MTMLogo_iOS_iPhone.png */,
				220CD76712E92603000804E8 /* MTMLogo_iOS_iPhone_Retina.png */,
				A7107A3912DD2F2700B19EBC /* sample.xml */,
				A7D94A5412ADC542003BDB1C /* MTM-Info.plist */,
				A7D94A5612ADC542003BDB1C /* InfoPlist.strings */,
				A7D94A5E12ADC542003BDB1C /* MainWindow.xib */,
				A7D94A6412ADC542003BDB1C /* MainViewController.xib */,
				22C011B212EF85B5000D5C9F /* TrailPointInfoView.xib */,
			);
			name = Resources;
			sourceTree = "<group>";
		};
		A7D94A4612ADC542003BDB1C /* Frameworks */ = {
			isa = PBXGroup;
			children = (
				A7107A0A12DD2D0500B19EBC /* TouchXML */,
				A71079DC12DD2C5C00B19EBC /* MapKit.framework */,
				A7D94A4E12ADC542003BDB1C /* UIKit.framework */,
				A7D94A5012ADC542003BDB1C /* Foundation.framework */,
				A7D94A5212ADC542003BDB1C /* CoreGraphics.framework */,
			);
			name = Frameworks;
			sourceTree = "<group>";
		};
		A7D94A4C12ADC542003BDB1C /* Products */ = {
			isa = PBXGroup;
			children = (
				A7D94A4B12ADC542003BDB1C /* MTM.app */,
				22E80AC712FA9744009CF69F /* MTMTest.octest */,
				22E80B6712FA9BD6009CF69F /* MTM.app */,
			);
			name = Products;
			sourceTree = "<group>";
		};
/* End PBXGroup section */

/* Begin PBXNativeTarget section */
		22E80AC612FA9744009CF69F /* MTMTest */ = {
			isa = PBXNativeTarget;
			buildConfigurationList = 22E80ACB12FA9745009CF69F /* Build configuration list for PBXNativeTarget "MTMTest" */;
			buildPhases = (
				22E80AC212FA9744009CF69F /* Resources */,
				22E80AC312FA9744009CF69F /* Sources */,
				22E80AC412FA9744009CF69F /* Frameworks */,
				22E80AC512FA9744009CF69F /* ShellScript */,
			);
			buildRules = (
			);
			dependencies = (
			);
			name = MTMTest;
			productName = MTMTest;
			productReference = 22E80AC712FA9744009CF69F /* MTMTest.octest */;
			productType = "com.apple.product-type.bundle";
		};
		22E80B3812FA9BD6009CF69F /* MTMTesting */ = {
			isa = PBXNativeTarget;
			buildConfigurationList = 22E80B6412FA9BD6009CF69F /* Build configuration list for PBXNativeTarget "MTMTesting" */;
			buildPhases = (
				22E80B3912FA9BD6009CF69F /* Sources */,
				22E80B5412FA9BD6009CF69F /* Frameworks */,
				22E80B5A12FA9BD6009CF69F /* Resources */,
			);
			buildRules = (
			);
			dependencies = (
				22E80B6B12FA9BE5009CF69F /* PBXTargetDependency */,
			);
			name = MTMTesting;
			productName = iPhone;
			productReference = 22E80B6712FA9BD6009CF69F /* MTM.app */;
			productType = "com.apple.product-type.application";
		};
		A7D94A4A12ADC542003BDB1C /* MTM */ = {
			isa = PBXNativeTarget;
			buildConfigurationList = A7D94A6912ADC542003BDB1C /* Build configuration list for PBXNativeTarget "MTM" */;
			buildPhases = (
				A7D94A4712ADC542003BDB1C /* Sources */,
				A7D94A4812ADC542003BDB1C /* Frameworks */,
				A7D94A4912ADC542003BDB1C /* Resources */,
			);
			buildRules = (
			);
			dependencies = (
			);
			name = MTM;
			productName = iPhone;
			productReference = A7D94A4B12ADC542003BDB1C /* MTM.app */;
			productType = "com.apple.product-type.application";
		};
/* End PBXNativeTarget section */

/* Begin PBXProject section */
		A7D94A3E12ADC542003BDB1C /* Project object */ = {
			isa = PBXProject;
			buildConfigurationList = A7D94A4112ADC542003BDB1C /* Build configuration list for PBXProject "MTM" */;
			compatibilityVersion = "Xcode 3.2";
			developmentRegion = English;
			hasScannedForEncodings = 0;
			knownRegions = (
				en,
			);
			mainGroup = A7D94A3C12ADC542003BDB1C;
			productRefGroup = A7D94A4C12ADC542003BDB1C /* Products */;
			projectDirPath = "";
			projectRoot = "";
			targets = (
				A7D94A4A12ADC542003BDB1C /* MTM */,
				22E80AC612FA9744009CF69F /* MTMTest */,
				22E80B3812FA9BD6009CF69F /* MTMTesting */,
			);
		};
/* End PBXProject section */

/* Begin PBXResourcesBuildPhase section */
		22E80AC212FA9744009CF69F /* Resources */ = {
			isa = PBXResourcesBuildPhase;
			buildActionMask = 2147483647;
			files = (
				22876D8612FFBBCF00BEF630 /* redx.png in Resources */,
				229CA36713005FFC001E338E /* SettingsViewController.xib in Resources */,
			);
			runOnlyForDeploymentPostprocessing = 0;
		};
		22E80B5A12FA9BD6009CF69F /* Resources */ = {
			isa = PBXResourcesBuildPhase;
			buildActionMask = 2147483647;
			files = (
				22E80B5B12FA9BD6009CF69F /* InfoPlist.strings in Resources */,
				22E80B5C12FA9BD6009CF69F /* MainWindow.xib in Resources */,
				22E80B5D12FA9BD6009CF69F /* MainViewController.xib in Resources */,
				22E80B5E12FA9BD6009CF69F /* sample.xml in Resources */,
				22E80B5F12FA9BD6009CF69F /* MTMLogo_iOS_iPhone.png in Resources */,
				22E80B6012FA9BD6009CF69F /* MTMLogo_iOS_iPhone_Retina.png in Resources */,
				22E80B6112FA9BD6009CF69F /* MainWindow-iPad.xib in Resources */,
				22E80B6212FA9BD6009CF69F /* MTMLogo_iOS_iPad.png in Resources */,
				22E80B6312FA9BD6009CF69F /* TrailPointInfoView.xib in Resources */,
			);
			runOnlyForDeploymentPostprocessing = 0;
		};
		A7D94A4912ADC542003BDB1C /* Resources */ = {
			isa = PBXResourcesBuildPhase;
			buildActionMask = 2147483647;
			files = (
				A7D94A5812ADC542003BDB1C /* InfoPlist.strings in Resources */,
				A7D94A6012ADC542003BDB1C /* MainWindow.xib in Resources */,
				A7D94A6612ADC542003BDB1C /* MainViewController.xib in Resources */,
				A7107A3A12DD2F2700B19EBC /* sample.xml in Resources */,
				220CD76612E925EF000804E8 /* MTMLogo_iOS_iPhone.png in Resources */,
				220CD76812E92603000804E8 /* MTMLogo_iOS_iPhone_Retina.png in Resources */,
				2236E44712EAA9EE00297F28 /* MainWindow-iPad.xib in Resources */,
				22C011A512EF659D000D5C9F /* MTMLogo_iOS_iPad.png in Resources */,
				22C011B312EF85B5000D5C9F /* TrailPointInfoView.xib in Resources */,
				229CA36B13006107001E338E /* SettingsViewController.xib in Resources */,
			);
			runOnlyForDeploymentPostprocessing = 0;
		};
/* End PBXResourcesBuildPhase section */

/* Begin PBXShellScriptBuildPhase section */
		22E80AC512FA9744009CF69F /* ShellScript */ = {
			isa = PBXShellScriptBuildPhase;
			buildActionMask = 2147483647;
			files = (
			);
			inputPaths = (
			);
			outputPaths = (
			);
			runOnlyForDeploymentPostprocessing = 0;
			shellPath = /bin/sh;
			shellScript = "# Run the unit tests in this test bundle.\n\"${SYSTEM_DEVELOPER_DIR}/Tools/RunUnitTests\"\n";
		};
/* End PBXShellScriptBuildPhase section */

/* Begin PBXSourcesBuildPhase section */
		22E80AC312FA9744009CF69F /* Sources */ = {
			isa = PBXSourcesBuildPhase;
			buildActionMask = 2147483647;
			files = (
				22E80B9D12FA9D42009CF69F /* Trail.m in Sources */,
				22E80B8A12FA9CC4009CF69F /* TrailTest.m in Sources */,
				229CA368130060C9001E338E /* InterestPoint.m in Sources */,
				22876D7A12FF47DA00BEF630 /* InterestPointTest.m in Sources */,
				229CA369130060CC001E338E /* TrailPoint.m in Sources */,
				22876D7D12FF4A1E00BEF630 /* TrailPointTest.m in Sources */,
				229B73AE13073FD600A9A8BA /* SettingsViewController.m in Sources */,
			);
			runOnlyForDeploymentPostprocessing = 0;
		};
		22E80B3912FA9BD6009CF69F /* Sources */ = {
			isa = PBXSourcesBuildPhase;
			buildActionMask = 2147483647;
			files = (
				22E80B3A12FA9BD6009CF69F /* main.m in Sources */,
				22E80B3B12FA9BD6009CF69F /* MTMAppDelegate.m in Sources */,
				22E80B3C12FA9BD6009CF69F /* MainViewController.m in Sources */,
				22E80B3D12FA9BD6009CF69F /* MapView.m in Sources */,
				22E80B3E12FA9BD6009CF69F /* TrailPoint.m in Sources */,
				22E80B3F12FA9BD6009CF69F /* InterestPoint.m in Sources */,
				22E80B4012FA9BD6009CF69F /* Trail.m in Sources */,
				22E80B4112FA9BD6009CF69F /* CXMLDocument_CreationExtensions.m in Sources */,
				22E80B4212FA9BD6009CF69F /* CXMLNode_CreationExtensions.m in Sources */,
				22E80B4312FA9BD6009CF69F /* CXMLDocument.m in Sources */,
				22E80B4412FA9BD6009CF69F /* CXMLDocument_PrivateExtensions.m in Sources */,
				22E80B4512FA9BD6009CF69F /* CXMLElement.m in Sources */,
				22E80B4612FA9BD6009CF69F /* CXMLElement_CreationExtensions.m in Sources */,
				22E80B4712FA9BD6009CF69F /* CXMLElement_ElementTreeExtensions.m in Sources */,
				22E80B4812FA9BD6009CF69F /* CXMLNamespaceNode.m in Sources */,
				22E80B4912FA9BD6009CF69F /* CXMLNode.m in Sources */,
				22E80B4A12FA9BD6009CF69F /* CXMLNode_PrivateExtensions.m in Sources */,
				22E80B4B12FA9BD6009CF69F /* CXMLNode_XPathExtensions.m in Sources */,
				22E80B4C12FA9BD6009CF69F /* CTidy.m in Sources */,
				22E80B4D12FA9BD6009CF69F /* TrailOverlayPathView.m in Sources */,
				22E80B4E12FA9BD6009CF69F /* TrailOverlay.m in Sources */,
				22E80B4F12FA9BD6009CF69F /* DataParser.m in Sources */,
				22E80B5012FA9BD6009CF69F /* TrailPointAnnotation.m in Sources */,
				22E80B5112FA9BD6009CF69F /* MainViewController_iPad.m in Sources */,
				22E80B5212FA9BD6009CF69F /* MainViewController_iPhone.m in Sources */,
				22E80B5312FA9BD6009CF69F /* TrailPointInfoViewController.m in Sources */,
			);
			runOnlyForDeploymentPostprocessing = 0;
		};
		A7D94A4712ADC542003BDB1C /* Sources */ = {
			isa = PBXSourcesBuildPhase;
			buildActionMask = 2147483647;
			files = (
				229CA36A130060D6001E338E /* PrimarySettingsViewController.m in Sources */,
				A7D94A5A12ADC542003BDB1C /* main.m in Sources */,
				A7D94A5D12ADC542003BDB1C /* MTMAppDelegate.m in Sources */,
				A7D94A6312ADC542003BDB1C /* MainViewController.m in Sources */,
				A752C9A612B6EFCB008D2B62 /* MapView.m in Sources */,
				A7306D7112B6F8AA0099C0C2 /* TrailPoint.m in Sources */,
				A792BE6812C7379E005EFAC6 /* InterestPoint.m in Sources */,
				A739508912D6AD850079EA7F /* Trail.m in Sources */,
				A7107A2612DD2D0500B19EBC /* CXMLDocument_CreationExtensions.m in Sources */,
				A7107A2712DD2D0500B19EBC /* CXMLNode_CreationExtensions.m in Sources */,
				A7107A2812DD2D0500B19EBC /* CXMLDocument.m in Sources */,
				A7107A2912DD2D0500B19EBC /* CXMLDocument_PrivateExtensions.m in Sources */,
				A7107A2A12DD2D0500B19EBC /* CXMLElement.m in Sources */,
				A7107A2B12DD2D0500B19EBC /* CXMLElement_CreationExtensions.m in Sources */,
				A7107A2C12DD2D0500B19EBC /* CXMLElement_ElementTreeExtensions.m in Sources */,
				A7107A2D12DD2D0500B19EBC /* CXMLNamespaceNode.m in Sources */,
				A7107A2E12DD2D0500B19EBC /* CXMLNode.m in Sources */,
				A7107A2F12DD2D0500B19EBC /* CXMLNode_PrivateExtensions.m in Sources */,
				A7107A3012DD2D0500B19EBC /* CXMLNode_XPathExtensions.m in Sources */,
				A7107A3112DD2D0500B19EBC /* CTidy.m in Sources */,
				2233DACD12E8FA0E0004A33A /* TrailOverlayPathView.m in Sources */,
				2233DAD112E8FD260004A33A /* TrailOverlay.m in Sources */,
				2237895D12EA0BDA00BAF18A /* DataParser.m in Sources */,
				2237896012EA113800BAF18A /* TrailPointAnnotation.m in Sources */,
				22DC0FEE130742CC00D99F22 /* SettingsViewController.m in Sources */,
				22C635F312EF624B00C53C84 /* MainViewController_iPad.m in Sources */,
				22C635F612EF625100C53C84 /* MainViewController_iPhone.m in Sources */,
				22C011AF12EF851C000D5C9F /* TrailPointInfoViewController.m in Sources */,
				229CA36E1301B3F0001E338E /* Setting.m in Sources */,
				2214BB521301CDCD009EC84E /* MutableOrderedDictionary.m in Sources */,
				22DC0FF1130743C200D99F22 /* AdvancedSettingsViewController.m in Sources */,
				22DC0FF71307550F00D99F22 /* ServiceAccountManager.m in Sources */,
				22DC0FFA1307562500D99F22 /* StoredSettingsManager.m in Sources */,
			);
			runOnlyForDeploymentPostprocessing = 0;
		};
/* End PBXSourcesBuildPhase section */

/* Begin PBXTargetDependency section */
		22E80B6B12FA9BE5009CF69F /* PBXTargetDependency */ = {
			isa = PBXTargetDependency;
			target = 22E80AC612FA9744009CF69F /* MTMTest */;
			targetProxy = 22E80B6A12FA9BE5009CF69F /* PBXContainerItemProxy */;
		};
/* End PBXTargetDependency section */

/* Begin PBXVariantGroup section */
		2236E44512EAA9EE00297F28 /* MainWindow-iPad.xib */ = {
			isa = PBXVariantGroup;
			children = (
				2236E44612EAA9EE00297F28 /* en */,
			);
			name = "MainWindow-iPad.xib";
			sourceTree = "<group>";
		};
		A7D94A5612ADC542003BDB1C /* InfoPlist.strings */ = {
			isa = PBXVariantGroup;
			children = (
				A7D94A5712ADC542003BDB1C /* en */,
			);
			name = InfoPlist.strings;
			sourceTree = "<group>";
		};
		A7D94A5E12ADC542003BDB1C /* MainWindow.xib */ = {
			isa = PBXVariantGroup;
			children = (
				A7D94A5F12ADC542003BDB1C /* en */,
			);
			name = MainWindow.xib;
			sourceTree = "<group>";
		};
		A7D94A6412ADC542003BDB1C /* MainViewController.xib */ = {
			isa = PBXVariantGroup;
			children = (
				A7D94A6512ADC542003BDB1C /* en */,
			);
			name = MainViewController.xib;
			sourceTree = "<group>";
		};
/* End PBXVariantGroup section */

/* Begin XCBuildConfiguration section */
		22E80AC912FA9745009CF69F /* Debug */ = {
			isa = XCBuildConfiguration;
			buildSettings = {
				ALWAYS_SEARCH_USER_PATHS = NO;
				"CODE_SIGN_IDENTITY[sdk=iphoneos*]" = "";
				COPY_PHASE_STRIP = NO;
				FRAMEWORK_SEARCH_PATHS = (
					"\"$(SDKROOT)/Developer/Library/Frameworks\"",
					"\"$(DEVELOPER_LIBRARY_DIR)/Frameworks\"",
				);
				GCC_DYNAMIC_NO_PIC = NO;
				GCC_ENABLE_FIX_AND_CONTINUE = NO;
				GCC_ENABLE_OBJC_EXCEPTIONS = YES;
				GCC_OPTIMIZATION_LEVEL = 0;
				INFOPLIST_FILE = "MTMTest-Info.plist";
				OTHER_LDFLAGS = (
					"-framework",
					Foundation,
					"-framework",
					SenTestingKit,
					"-framework",
					UIKit,
				);
				PREBINDING = NO;
				PRODUCT_NAME = MTMTest;
				SDKROOT = iphoneos;
				WRAPPER_EXTENSION = octest;
			};
			name = Debug;
		};
		22E80ACA12FA9745009CF69F /* Release */ = {
			isa = XCBuildConfiguration;
			buildSettings = {
				ALWAYS_SEARCH_USER_PATHS = NO;
				"CODE_SIGN_IDENTITY[sdk=iphoneos*]" = "";
				COPY_PHASE_STRIP = YES;
				DEBUG_INFORMATION_FORMAT = "dwarf-with-dsym";
				FRAMEWORK_SEARCH_PATHS = (
					"\"$(SDKROOT)/Developer/Library/Frameworks\"",
					"\"$(DEVELOPER_LIBRARY_DIR)/Frameworks\"",
				);
				GCC_ENABLE_FIX_AND_CONTINUE = NO;
				GCC_ENABLE_OBJC_EXCEPTIONS = YES;
				INFOPLIST_FILE = "MTMTest-Info.plist";
				OTHER_LDFLAGS = (
					"-framework",
					Foundation,
					"-framework",
					SenTestingKit,
					"-framework",
					UIKit,
				);
				PREBINDING = NO;
				PRODUCT_NAME = MTMTest;
				SDKROOT = iphoneos;
				WRAPPER_EXTENSION = octest;
				ZERO_LINK = NO;
			};
			name = Release;
		};
		22E80B6512FA9BD6009CF69F /* Debug */ = {
			isa = XCBuildConfiguration;
			buildSettings = {
				ALWAYS_SEARCH_USER_PATHS = NO;
				ARCHS = "$(ARCHS_STANDARD_32_BIT)";
				"CODE_SIGN_IDENTITY[sdk=iphoneos*]" = "iPhone Developer";
				COPY_PHASE_STRIP = NO;
				GCC_DYNAMIC_NO_PIC = NO;
				GCC_PRECOMPILE_PREFIX_HEADER = YES;
				GCC_PREFIX_HEADER = MTM_Prefix.pch;
				INFOPLIST_FILE = "MTM-Info copy.plist";
				IPHONEOS_DEPLOYMENT_TARGET = 4.2;
				PRODUCT_NAME = MTM;
				"PROVISIONING_PROFILE[sdk=iphoneos*]" = "";
				SDKROOT = iphoneos;
				TARGETED_DEVICE_FAMILY = "1,2";
				WRAPPER_EXTENSION = app;
			};
			name = Debug;
		};
		22E80B6612FA9BD6009CF69F /* Release */ = {
			isa = XCBuildConfiguration;
			buildSettings = {
				ALWAYS_SEARCH_USER_PATHS = NO;
				ARCHS = "$(ARCHS_STANDARD_32_BIT)";
				"CODE_SIGN_IDENTITY[sdk=iphoneos*]" = "iPhone Distribution";
				COPY_PHASE_STRIP = YES;
				GCC_PRECOMPILE_PREFIX_HEADER = YES;
				GCC_PREFIX_HEADER = MTM_Prefix.pch;
				INFOPLIST_FILE = "MTM-Info copy.plist";
				IPHONEOS_DEPLOYMENT_TARGET = 4.2;
				PRODUCT_NAME = MTM;
				"PROVISIONING_PROFILE[sdk=iphoneos*]" = "";
				SDKROOT = iphoneos;
				TARGETED_DEVICE_FAMILY = "1,2";
				VALIDATE_PRODUCT = YES;
				WRAPPER_EXTENSION = app;
			};
			name = Release;
		};
		A7D94A6712ADC542003BDB1C /* Debug */ = {
			isa = XCBuildConfiguration;
			buildSettings = {
				ARCHS = "$(ARCHS_STANDARD_32_BIT)";
				"CODE_SIGN_IDENTITY[sdk=iphoneos*]" = "iPhone Developer";
				GCC_C_LANGUAGE_STANDARD = gnu99;
				GCC_OPTIMIZATION_LEVEL = 0;
				GCC_PREPROCESSOR_DEFINITIONS = DEBUG;
				GCC_WARN_ABOUT_RETURN_TYPE = YES;
				GCC_WARN_UNUSED_VARIABLE = YES;
				HEADER_SEARCH_PATHS = /usr/include/libxml2;
				IPHONEOS_DEPLOYMENT_TARGET = 4.1;
				OTHER_LDFLAGS = "-lxml2";
				PREBINDING = NO;
				SDKROOT = iphoneos4.1;
			};
			name = Debug;
		};
		A7D94A6812ADC542003BDB1C /* Release */ = {
			isa = XCBuildConfiguration;
			buildSettings = {
				ARCHS = "$(ARCHS_STANDARD_32_BIT)";
				"CODE_SIGN_IDENTITY[sdk=iphoneos*]" = "iPhone Developer";
				GCC_C_LANGUAGE_STANDARD = gnu99;
				GCC_WARN_ABOUT_RETURN_TYPE = YES;
				GCC_WARN_UNUSED_VARIABLE = YES;
				HEADER_SEARCH_PATHS = /usr/include/libxml2;
				IPHONEOS_DEPLOYMENT_TARGET = 4.1;
				OTHER_CFLAGS = "-DNS_BLOCK_ASSERTIONS=1";
				OTHER_LDFLAGS = "-lxml2";
				PREBINDING = NO;
				SDKROOT = iphoneos4.1;
			};
			name = Release;
		};
		A7D94A6A12ADC542003BDB1C /* Debug */ = {
			isa = XCBuildConfiguration;
			buildSettings = {
				ALWAYS_SEARCH_USER_PATHS = NO;
				ARCHS = "$(ARCHS_STANDARD_32_BIT)";
				"CODE_SIGN_IDENTITY[sdk=iphoneos*]" = "iPhone Developer";
				COPY_PHASE_STRIP = NO;
				GCC_DYNAMIC_NO_PIC = NO;
				GCC_PRECOMPILE_PREFIX_HEADER = YES;
				GCC_PREFIX_HEADER = MTM_Prefix.pch;
				INFOPLIST_FILE = "MTM-Info.plist";
				IPHONEOS_DEPLOYMENT_TARGET = 4.2;
				PRODUCT_NAME = MTM;
				"PROVISIONING_PROFILE[sdk=iphoneos*]" = "";
				SDKROOT = iphoneos;
				TARGETED_DEVICE_FAMILY = "1,2";
				WRAPPER_EXTENSION = app;
			};
			name = Debug;
		};
		A7D94A6B12ADC542003BDB1C /* Release */ = {
			isa = XCBuildConfiguration;
			buildSettings = {
				ALWAYS_SEARCH_USER_PATHS = NO;
				ARCHS = "$(ARCHS_STANDARD_32_BIT)";
				"CODE_SIGN_IDENTITY[sdk=iphoneos*]" = "iPhone Distribution";
				COPY_PHASE_STRIP = YES;
				GCC_PRECOMPILE_PREFIX_HEADER = YES;
				GCC_PREFIX_HEADER = MTM_Prefix.pch;
				INFOPLIST_FILE = "MTM-Info.plist";
				IPHONEOS_DEPLOYMENT_TARGET = 4.2;
				PRODUCT_NAME = MTM;
				"PROVISIONING_PROFILE[sdk=iphoneos*]" = "";
				SDKROOT = iphoneos;
				TARGETED_DEVICE_FAMILY = "1,2";
				VALIDATE_PRODUCT = YES;
				WRAPPER_EXTENSION = app;
			};
			name = Release;
		};
/* End XCBuildConfiguration section */

/* Begin XCConfigurationList section */
		22E80ACB12FA9745009CF69F /* Build configuration list for PBXNativeTarget "MTMTest" */ = {
			isa = XCConfigurationList;
			buildConfigurations = (
				22E80AC912FA9745009CF69F /* Debug */,
				22E80ACA12FA9745009CF69F /* Release */,
			);
			defaultConfigurationIsVisible = 0;
			defaultConfigurationName = Release;
		};
		22E80B6412FA9BD6009CF69F /* Build configuration list for PBXNativeTarget "MTMTesting" */ = {
			isa = XCConfigurationList;
			buildConfigurations = (
				22E80B6512FA9BD6009CF69F /* Debug */,
				22E80B6612FA9BD6009CF69F /* Release */,
			);
			defaultConfigurationIsVisible = 0;
			defaultConfigurationName = Release;
		};
		A7D94A4112ADC542003BDB1C /* Build configuration list for PBXProject "MTM" */ = {
			isa = XCConfigurationList;
			buildConfigurations = (
				A7D94A6712ADC542003BDB1C /* Debug */,
				A7D94A6812ADC542003BDB1C /* Release */,
			);
			defaultConfigurationIsVisible = 0;
			defaultConfigurationName = Release;
		};
		A7D94A6912ADC542003BDB1C /* Build configuration list for PBXNativeTarget "MTM" */ = {
			isa = XCConfigurationList;
			buildConfigurations = (
				A7D94A6A12ADC542003BDB1C /* Debug */,
				A7D94A6B12ADC542003BDB1C /* Release */,
			);
			defaultConfigurationIsVisible = 0;
			defaultConfigurationName = Release;
		};
/* End XCConfigurationList section */
	};
	rootObject = A7D94A3E12ADC542003BDB1C /* Project object */;
}
